// !$*UTF8*$!
{
	archiveVersion = 1;
	classes = {
	};
	objectVersion = 70;
	objects = {

/* Begin PBXBuildFile section */
		17D10F40EF89310B36736B4C /* OutfitCalculatorTests.swift in Sources */ = {isa = PBXBuildFile; fileRef = 0C3745237D8D078599AC5A7B /* OutfitCalculatorTests.swift */; };
		1E31DFD1C82635B2F6F3C38C /* GearModels.swift in Sources */ = {isa = PBXBuildFile; fileRef = 394C0803F4348866DB8BF4DA /* GearModels.swift */; };
		21D5913D896A929BDD29B1EC /* OutfitOutputModels.swift in Sources */ = {isa = PBXBuildFile; fileRef = 14FFF0927A8E0E7056FDCD92 /* OutfitOutputModels.swift */; };
		24C4F50274A10C38308ED2B8 /* OutfitRecommendationService.swift in Sources */ = {isa = PBXBuildFile; fileRef = 98352411F7F430C375933E52 /* OutfitRecommendationService.swift */; };
		2C05E8BDC0B573B969E9B7DE /* TOGCalculator.swift in Sources */ = {isa = PBXBuildFile; fileRef = 952FD97BC23BAC46B803A9B2 /* TOGCalculator.swift */; };
		48EE3988618308CA1F261E03 /* OutfitConfig.swift in Sources */ = {isa = PBXBuildFile; fileRef = 9132D0C4B3D6285DB74AADDB /* OutfitConfig.swift */; };
		4A6EE286E4B4E015FB160AFB /* MicroclimateCalculator.swift in Sources */ = {isa = PBXBuildFile; fileRef = D08D2D238BD9B3BE6CCE1A80 /* MicroclimateCalculator.swift */; };
		8EA756B783DF34228081F501 /* PersonalOffsetStore.swift in Sources */ = {isa = PBXBuildFile; fileRef = F2150346EACA826B74B94C3E /* PersonalOffsetStore.swift */; };
		AWLG /* WalkLog.swift in Sources */ = {isa = PBXBuildFile; fileRef = FWLG /* WalkLog.swift */; };
		AWLS /* WalkLogStore.swift in Sources */ = {isa = PBXBuildFile; fileRef = FWLS /* WalkLogStore.swift */; };
		AWHV /* WalkHistoryView.swift in Sources */ = {isa = PBXBuildFile; fileRef = FWHV /* WalkHistoryView.swift */; };
		A001 /* SkyKidApp.swift in Sources */ = {isa = PBXBuildFile; fileRef = F001 /* SkyKidApp.swift */; };
		A002 /* ContentView.swift in Sources */ = {isa = PBXBuildFile; fileRef = F002 /* ContentView.swift */; };
		A0TH /* Theme.swift in Sources */ = {isa = PBXBuildFile; fileRef = F0TH /* Theme.swift */; };
		A003 /* WeatherView.swift in Sources */ = {isa = PBXBuildFile; fileRef = F003 /* WeatherView.swift */; };
		A004 /* WeatherViewModel.swift in Sources */ = {isa = PBXBuildFile; fileRef = F004 /* WeatherViewModel.swift */; };

		A008 /* OutfitView.swift in Sources */ = {isa = PBXBuildFile; fileRef = F008 /* OutfitView.swift */; };
		A010 /* OpenMeteoService.swift in Sources */ = {isa = PBXBuildFile; fileRef = F010 /* OpenMeteoService.swift */; };

		A012 /* LocationManager.swift in Sources */ = {isa = PBXBuildFile; fileRef = F012 /* LocationManager.swift */; };
		A013 /* WeatherData.swift in Sources */ = {isa = PBXBuildFile; fileRef = F013 /* WeatherData.swift */; };
		A014 /* ChildProfile.swift in Sources */ = {isa = PBXBuildFile; fileRef = F014 /* ChildProfile.swift */; };
		A015 /* ChildProfileSetupView.swift in Sources */ = {isa = PBXBuildFile; fileRef = F015 /* ChildProfileSetupView.swift */; };
		A0WV /* MyWardrobeView.swift in Sources */ = {isa = PBXBuildFile; fileRef = F0WV /* MyWardrobeView.swift */; };
		A016 /* ChildWeatherPerception.swift in Sources */ = {isa = PBXBuildFile; fileRef = F016 /* ChildWeatherPerception.swift */; };
		A0PS /* ProfileSummaryView.swift in Sources */ = {isa = PBXBuildFile; fileRef = F0PS /* ProfileSummaryView.swift */; };
		A017 /* ClothingCalculatorView.swift in Sources */ = {isa = PBXBuildFile; fileRef = F017 /* ClothingCalculatorView.swift */; };
		A018 /* ChildProfileStore.swift in Sources */ = {isa = PBXBuildFile; fileRef = F018 /* ChildProfileStore.swift */; };
		A0NS /* NotificationService.swift in Sources */ = {isa = PBXBuildFile; fileRef = F0NS /* NotificationService.swift */; };
		A0WD /* UserWardrobeStore.swift in Sources */ = {isa = PBXBuildFile; fileRef = F0WD /* UserWardrobeStore.swift */; };
		A019 /* WeatherServiceProtocol.swift in Sources */ = {isa = PBXBuildFile; fileRef = F019 /* WeatherServiceProtocol.swift */; };
		A020 /* GarmentCatalog.swift in Sources */ = {isa = PBXBuildFile; fileRef = F020 /* GarmentCatalog.swift */; };
		A021 /* WardrobeModel.swift in Sources */ = {isa = PBXBuildFile; fileRef = F021 /* WardrobeModel.swift */; };
		A022 /* ClothingRecommendationEngine.swift in Sources */ = {isa = PBXBuildFile; fileRef = F022 /* ClothingRecommendationEngine.swift */; };
		A023 /* BiasStore.swift in Sources */ = {isa = PBXBuildFile; fileRef = F023 /* BiasStore.swift */; };
		A024 /* OpenWeatherMapService.swift in Sources */ = {isa = PBXBuildFile; fileRef = F024 /* OpenWeatherMapService.swift */; };
		A025 /* WeatherServiceSettings.swift in Sources */ = {isa = PBXBuildFile; fileRef = F025 /* WeatherServiceSettings.swift */; };
		A026 /* WeatherAPIService.swift in Sources */ = {isa = PBXBuildFile; fileRef = F026 /* WeatherAPIService.swift */; };
		A028 /* WeatherKitService.swift in Sources */ = {isa = PBXBuildFile; fileRef = F028 /* WeatherKitService.swift */; };
		A029 /* OpenMeteoService.swift in Sources */ = {isa = PBXBuildFile; fileRef = F010 /* OpenMeteoService.swift */; };
		A030 /* WeatherData.swift in Sources */ = {isa = PBXBuildFile; fileRef = F013 /* WeatherData.swift */; };
		A031 /* WeatherServiceProtocol.swift in Sources */ = {isa = PBXBuildFile; fileRef = F019 /* WeatherServiceProtocol.swift */; };
		A032 /* SkyKidIntents.swift in Sources */ = {isa = PBXBuildFile; fileRef = F029 /* SkyKidIntents.swift */; };
		A033 /* YandexWeatherService.swift in Sources */ = {isa = PBXBuildFile; fileRef = F030 /* YandexWeatherService.swift */; };

		AA91445FBD0D9886F63DC858 /* Foundation.framework in Frameworks */ = {isa = PBXBuildFile; fileRef = ECE8061C83759412BE23B087 /* Foundation.framework */; };
		D350AE15738B6C3E14C484C1 /* OutfitSolver.swift in Sources */ = {isa = PBXBuildFile; fileRef = 0A4AF5BBA29EAF6086B51119 /* OutfitSolver.swift */; };
		DAC85AA52FD22E0C0096CC6F /* WidgetKit.framework in Frameworks */ = {isa = PBXBuildFile; fileRef = DAC85AA42FD22E0C0096CC6F /* WidgetKit.framework */; };
		DAC85AA72FD22E0C0096CC6F /* SwiftUI.framework in Frameworks */ = {isa = PBXBuildFile; fileRef = DAC85AA62FD22E0C0096CC6F /* SwiftUI.framework */; };
		DAC85AE12FD22E4D0096CC6F /* Assets.xcassets in Resources */ = {isa = PBXBuildFile; fileRef = DAC85AC52FD22E4D0096CC6F /* Assets.xcassets */; };
		DAC85AE32FD22F8D0096CC6F /* ChildProfile.swift in Sources */ = {isa = PBXBuildFile; fileRef = F014 /* ChildProfile.swift */; };
		DAC85AE62FD232420096CC6F /* SkyKidWidgetExtension.appex in Embed Foundation Extensions */ = {isa = PBXBuildFile; fileRef = DAC85AA22FD22E0C0096CC6F /* SkyKidWidgetExtension.appex */; settings = {ATTRIBUTES = (RemoveHeadersOnCopy, ); }; };
		DEC402649260087CE142BCC6 /* SafetyRulesEngine.swift in Sources */ = {isa = PBXBuildFile; fileRef = 4FBB05756B2851EB6CF8BD55 /* SafetyRulesEngine.swift */; };
		F94E09BE167EB286CDC877F0 /* EffectiveTemperatureCalculator.swift in Sources */ = {isa = PBXBuildFile; fileRef = 547831DAA43B9BBCF7C08EBA /* EffectiveTemperatureCalculator.swift */; };
		R001 /* Assets.xcassets in Resources */ = {isa = PBXBuildFile; fileRef = DAC85A9D2FD21E320096CC6F /* Assets.xcassets */; };
/* End PBXBuildFile section */

/* Begin PBXContainerItemProxy section */
		C72DB0A4240C23F4A0384F40 /* PBXContainerItemProxy */ = {
			isa = PBXContainerItemProxy;
			containerPortal = PROJECT /* Project object */;
			proxyType = 1;
			remoteGlobalIDString = TARGET;
			remoteInfo = SkyKid;
		};
		DAC85AE72FD232420096CC6F /* PBXContainerItemProxy */ = {
			isa = PBXContainerItemProxy;
			containerPortal = PROJECT /* Project object */;
			proxyType = 1;
			remoteGlobalIDString = DAC85AA12FD22E0C0096CC6F;
			remoteInfo = SkyKidWidgetExtension;
		};
		DAC85AEA2FD2325B0096CC6F /* PBXContainerItemProxy */ = {
			isa = PBXContainerItemProxy;
			containerPortal = PROJECT /* Project object */;
			proxyType = 1;
			remoteGlobalIDString = DAC85AA12FD22E0C0096CC6F;
			remoteInfo = SkyKidWidgetExtension;
		};
		DAC85AEC2FD232940096CC6F /* PBXContainerItemProxy */ = {
			isa = PBXContainerItemProxy;
			containerPortal = PROJECT /* Project object */;
			proxyType = 1;
			remoteGlobalIDString = DAC85AA12FD22E0C0096CC6F;
			remoteInfo = SkyKidWidgetExtension;
		};
/* End PBXContainerItemProxy section */

/* Begin PBXCopyFilesBuildPhase section */
		DAC85AE92FD232420096CC6F /* Embed Foundation Extensions */ = {
			isa = PBXCopyFilesBuildPhase;
			buildActionMask = 2147483647;
			dstPath = "";
			dstSubfolderSpec = 13;
			files = (
				DAC85AE62FD232420096CC6F /* SkyKidWidgetExtension.appex in Embed Foundation Extensions */,
			);
			name = "Embed Foundation Extensions";
			runOnlyForDeploymentPostprocessing = 0;
		};
/* End PBXCopyFilesBuildPhase section */

/* Begin PBXFileReference section */
		0A4AF5BBA29EAF6086B51119 /* OutfitSolver.swift */ = {isa = PBXFileReference; includeInIndex = 1; lastKnownFileType = sourcecode.swift; name = OutfitSolver.swift; path = OutfitSolver.swift; sourceTree = "<group>"; };
		0C3745237D8D078599AC5A7B /* OutfitCalculatorTests.swift */ = {isa = PBXFileReference; includeInIndex = 1; lastKnownFileType = sourcecode.swift; path = OutfitCalculatorTests.swift; sourceTree = "<group>"; };
		14FFF0927A8E0E7056FDCD92 /* OutfitOutputModels.swift */ = {isa = PBXFileReference; includeInIndex = 1; lastKnownFileType = sourcecode.swift; name = OutfitOutputModels.swift; path = OutfitOutputModels.swift; sourceTree = "<group>"; };
		394C0803F4348866DB8BF4DA /* GearModels.swift */ = {isa = PBXFileReference; includeInIndex = 1; lastKnownFileType = sourcecode.swift; name = GearModels.swift; path = GearModels.swift; sourceTree = "<group>"; };
		4FBB05756B2851EB6CF8BD55 /* SafetyRulesEngine.swift */ = {isa = PBXFileReference; includeInIndex = 1; lastKnownFileType = sourcecode.swift; name = SafetyRulesEngine.swift; path = SafetyRulesEngine.swift; sourceTree = "<group>"; };
		547831DAA43B9BBCF7C08EBA /* EffectiveTemperatureCalculator.swift */ = {isa = PBXFileReference; includeInIndex = 1; lastKnownFileType = sourcecode.swift; name = EffectiveTemperatureCalculator.swift; path = EffectiveTemperatureCalculator.swift; sourceTree = "<group>"; };
		9132D0C4B3D6285DB74AADDB /* OutfitConfig.swift */ = {isa = PBXFileReference; includeInIndex = 1; lastKnownFileType = sourcecode.swift; name = OutfitConfig.swift; path = OutfitConfig.swift; sourceTree = "<group>"; };
		952FD97BC23BAC46B803A9B2 /* TOGCalculator.swift */ = {isa = PBXFileReference; includeInIndex = 1; lastKnownFileType = sourcecode.swift; name = TOGCalculator.swift; path = TOGCalculator.swift; sourceTree = "<group>"; };
		98352411F7F430C375933E52 /* OutfitRecommendationService.swift */ = {isa = PBXFileReference; includeInIndex = 1; lastKnownFileType = sourcecode.swift; name = OutfitRecommendationService.swift; path = OutfitRecommendationService.swift; sourceTree = "<group>"; };
		D08D2D238BD9B3BE6CCE1A80 /* MicroclimateCalculator.swift */ = {isa = PBXFileReference; includeInIndex = 1; lastKnownFileType = sourcecode.swift; name = MicroclimateCalculator.swift; path = MicroclimateCalculator.swift; sourceTree = "<group>"; };
		DAC85A9D2FD21E320096CC6F /* Assets.xcassets */ = {isa = PBXFileReference; lastKnownFileType = folder.assetcatalog; path = Assets.xcassets; sourceTree = "<group>"; };
		DAC85AA22FD22E0C0096CC6F /* SkyKidWidgetExtension.appex */ = {isa = PBXFileReference; explicitFileType = "wrapper.app-extension"; includeInIndex = 0; path = SkyKidWidgetExtension.appex; sourceTree = BUILT_PRODUCTS_DIR; };
		DAC85AA42FD22E0C0096CC6F /* WidgetKit.framework */ = {isa = PBXFileReference; lastKnownFileType = wrapper.framework; name = WidgetKit.framework; path = WidgetKit.framework; sourceTree = SDKROOT; };
		DAC85AA62FD22E0C0096CC6F /* SwiftUI.framework */ = {isa = PBXFileReference; lastKnownFileType = wrapper.framework; name = SwiftUI.framework; path = SwiftUI.framework; sourceTree = SDKROOT; };
		DAC85AC42FD22E4D0096CC6F /* AppIntent.swift */ = {isa = PBXFileReference; lastKnownFileType = sourcecode.swift; path = AppIntent.swift; sourceTree = "<group>"; };
		DAC85AC52FD22E4D0096CC6F /* Assets.xcassets */ = {isa = PBXFileReference; lastKnownFileType = folder.assetcatalog; path = Assets.xcassets; sourceTree = "<group>"; };
		DAC85AC62FD22E4D0096CC6F /* ClothingStatusProvider.swift */ = {isa = PBXFileReference; lastKnownFileType = sourcecode.swift; path = ClothingStatusProvider.swift; sourceTree = "<group>"; };
		DAC85AC72FD22E4D0096CC6F /* ClothingStatusWidgetView.swift */ = {isa = PBXFileReference; lastKnownFileType = sourcecode.swift; path = ClothingStatusWidgetView.swift; sourceTree = "<group>"; };
		DAC85AC82FD22E4D0096CC6F /* Info.plist */ = {isa = PBXFileReference; lastKnownFileType = text.plist.xml; path = Info.plist; sourceTree = "<group>"; };
		DAC85AC92FD22E4D0096CC6F /* SkyKidWidget.swift */ = {isa = PBXFileReference; lastKnownFileType = sourcecode.swift; path = SkyKidWidget.swift; sourceTree = "<group>"; };
		DAC85ACA2FD22E4D0096CC6F /* SkyKidWidgetBundle.swift */ = {isa = PBXFileReference; lastKnownFileType = sourcecode.swift; path = SkyKidWidgetBundle.swift; sourceTree = "<group>"; };
		DAC85ACB2FD22E4D0096CC6F /* SkyKidWidgetControl.swift */ = {isa = PBXFileReference; lastKnownFileType = sourcecode.swift; path = SkyKidWidgetControl.swift; sourceTree = "<group>"; };
		DAC85ACC2FD22E4D0096CC6F /* SkyKidWidgetLiveActivity.swift */ = {isa = PBXFileReference; lastKnownFileType = sourcecode.swift; path = SkyKidWidgetLiveActivity.swift; sourceTree = "<group>"; };
		DAC85ACD2FD22E4D0096CC6F /* WidgetClothingCalculator.swift */ = {isa = PBXFileReference; lastKnownFileType = sourcecode.swift; path = WidgetClothingCalculator.swift; sourceTree = "<group>"; };
		DAC85AE42FD2300D0096CC6F /* SkyKid.entitlements */ = {isa = PBXFileReference; lastKnownFileType = text.plist.entitlements; path = SkyKid.entitlements; sourceTree = "<group>"; };
		DAC85AE52FD2302B0096CC6F /* SkyKidWidgetExtension.entitlements */ = {isa = PBXFileReference; lastKnownFileType = text.plist.entitlements; path = SkyKidWidgetExtension.entitlements; sourceTree = "<group>"; };
		ECE8061C83759412BE23B087 /* Foundation.framework */ = {isa = PBXFileReference; lastKnownFileType = wrapper.framework; name = Foundation.framework; path = Platforms/iPhoneOS.platform/Developer/SDKs/iPhoneOS18.0.sdk/System/Library/Frameworks/Foundation.framework; sourceTree = DEVELOPER_DIR; };
		F001 /* SkyKidApp.swift */ = {isa = PBXFileReference; lastKnownFileType = sourcecode.swift; path = SkyKidApp.swift; sourceTree = "<group>"; };
		F002 /* ContentView.swift */ = {isa = PBXFileReference; lastKnownFileType = sourcecode.swift; path = ContentView.swift; sourceTree = "<group>"; };
		F0TH /* Theme.swift */ = {isa = PBXFileReference; lastKnownFileType = sourcecode.swift; path = Theme.swift; sourceTree = "<group>"; };
		F003 /* WeatherView.swift */ = {isa = PBXFileReference; lastKnownFileType = sourcecode.swift; path = WeatherView.swift; sourceTree = "<group>"; };
		F004 /* WeatherViewModel.swift */ = {isa = PBXFileReference; lastKnownFileType = sourcecode.swift; path = WeatherViewModel.swift; sourceTree = "<group>"; };


		F008 /* OutfitView.swift */ = {isa = PBXFileReference; lastKnownFileType = sourcecode.swift; path = OutfitView.swift; sourceTree = "<group>"; };
		F010 /* OpenMeteoService.swift */ = {isa = PBXFileReference; lastKnownFileType = sourcecode.swift; path = OpenMeteoService.swift; sourceTree = "<group>"; };

		F012 /* LocationManager.swift */ = {isa = PBXFileReference; lastKnownFileType = sourcecode.swift; path = LocationManager.swift; sourceTree = "<group>"; };
		F013 /* WeatherData.swift */ = {isa = PBXFileReference; lastKnownFileType = sourcecode.swift; path = WeatherData.swift; sourceTree = "<group>"; };
		F014 /* ChildProfile.swift */ = {isa = PBXFileReference; lastKnownFileType = sourcecode.swift; path = ChildProfile.swift; sourceTree = "<group>"; };
		F015 /* ChildProfileSetupView.swift */ = {isa = PBXFileReference; lastKnownFileType = sourcecode.swift; path = ChildProfileSetupView.swift; sourceTree = "<group>"; };
		F0WV /* MyWardrobeView.swift */ = {isa = PBXFileReference; lastKnownFileType = sourcecode.swift; path = MyWardrobeView.swift; sourceTree = "<group>"; };
		F016 /* ChildWeatherPerception.swift */ = {isa = PBXFileReference; lastKnownFileType = sourcecode.swift; path = ChildWeatherPerception.swift; sourceTree = "<group>"; };
		F0PS /* ProfileSummaryView.swift */ = {isa = PBXFileReference; lastKnownFileType = sourcecode.swift; path = ProfileSummaryView.swift; sourceTree = "<group>"; };
		F017 /* ClothingCalculatorView.swift */ = {isa = PBXFileReference; lastKnownFileType = sourcecode.swift; path = ClothingCalculatorView.swift; sourceTree = "<group>"; };
		F018 /* ChildProfileStore.swift */ = {isa = PBXFileReference; lastKnownFileType = sourcecode.swift; path = ChildProfileStore.swift; sourceTree = "<group>"; };
		F0NS /* NotificationService.swift */ = {isa = PBXFileReference; lastKnownFileType = sourcecode.swift; path = NotificationService.swift; sourceTree = "<group>"; };
		F0WD /* UserWardrobeStore.swift */ = {isa = PBXFileReference; lastKnownFileType = sourcecode.swift; path = UserWardrobeStore.swift; sourceTree = "<group>"; };
		F019 /* WeatherServiceProtocol.swift */ = {isa = PBXFileReference; lastKnownFileType = sourcecode.swift; path = WeatherServiceProtocol.swift; sourceTree = "<group>"; };
		F020 /* GarmentCatalog.swift */ = {isa = PBXFileReference; lastKnownFileType = sourcecode.swift; path = GarmentCatalog.swift; sourceTree = "<group>"; };
		F021 /* WardrobeModel.swift */ = {isa = PBXFileReference; lastKnownFileType = sourcecode.swift; path = WardrobeModel.swift; sourceTree = "<group>"; };
		F022 /* ClothingRecommendationEngine.swift */ = {isa = PBXFileReference; lastKnownFileType = sourcecode.swift; path = ClothingRecommendationEngine.swift; sourceTree = "<group>"; };
		F023 /* BiasStore.swift */ = {isa = PBXFileReference; lastKnownFileType = sourcecode.swift; path = BiasStore.swift; sourceTree = "<group>"; };
		F024 /* OpenWeatherMapService.swift */ = {isa = PBXFileReference; lastKnownFileType = sourcecode.swift; path = OpenWeatherMapService.swift; sourceTree = "<group>"; };
		F025 /* WeatherServiceSettings.swift */ = {isa = PBXFileReference; lastKnownFileType = sourcecode.swift; path = WeatherServiceSettings.swift; sourceTree = "<group>"; };
		F026 /* WeatherAPIService.swift */ = {isa = PBXFileReference; lastKnownFileType = sourcecode.swift; path = WeatherAPIService.swift; sourceTree = "<group>"; };
		F027 /* WeatherKit.framework */ = {isa = PBXFileReference; lastKnownFileType = wrapper.framework; name = WeatherKit.framework; path = WeatherKit.framework; sourceTree = SDKROOT; };
		F028 /* WeatherKitService.swift */ = {isa = PBXFileReference; lastKnownFileType = sourcecode.swift; path = WeatherKitService.swift; sourceTree = "<group>"; };
		F029 /* SkyKidIntents.swift */ = {isa = PBXFileReference; lastKnownFileType = sourcecode.swift; path = SkyKidIntents.swift; sourceTree = "<group>"; };
		F030 /* YandexWeatherService.swift */ = {isa = PBXFileReference; lastKnownFileType = sourcecode.swift; path = YandexWeatherService.swift; sourceTree = "<group>"; };

		F2150346EACA826B74B94C3E /* PersonalOffsetStore.swift */ = {isa = PBXFileReference; includeInIndex = 1; lastKnownFileType = sourcecode.swift; name = PersonalOffsetStore.swift; path = PersonalOffsetStore.swift; sourceTree = "<group>"; };
		FWLG /* WalkLog.swift */ = {isa = PBXFileReference; lastKnownFileType = sourcecode.swift; path = WalkLog.swift; sourceTree = "<group>"; };
		FWLS /* WalkLogStore.swift */ = {isa = PBXFileReference; lastKnownFileType = sourcecode.swift; path = WalkLogStore.swift; sourceTree = "<group>"; };
		FWHV /* WalkHistoryView.swift */ = {isa = PBXFileReference; lastKnownFileType = sourcecode.swift; path = WalkHistoryView.swift; sourceTree = "<group>"; };
		FC48EEA4B450C53B8FEFB3B3 /* SkyKidTests.xctest */ = {isa = PBXFileReference; explicitFileType = wrapper.cfbundle; includeInIndex = 0; path = SkyKidTests.xctest; sourceTree = BUILT_PRODUCTS_DIR; };
		PLIST /* Info.plist */ = {isa = PBXFileReference; lastKnownFileType = text.plist.xml; path = Info.plist; sourceTree = "<group>"; };
		PROD /* SkyKid.app */ = {isa = PBXFileReference; explicitFileType = wrapper.application; includeInIndex = 0; path = SkyKid.app; sourceTree = BUILT_PRODUCTS_DIR; };
/* End PBXFileReference section */

/* Begin PBXFileSystemSynchronizedBuildFileExceptionSet section */
		DAC85ABC2FD22E0D0096CC6F /* Exceptions for "SkyKidWidget" folder in "SkyKidWidgetExtension" target */ = {
			isa = PBXFileSystemSynchronizedBuildFileExceptionSet;
			membershipExceptions = (
				Info.plist,
			);
			target = DAC85AA12FD22E0C0096CC6F /* SkyKidWidgetExtension */;
		};
/* End PBXFileSystemSynchronizedBuildFileExceptionSet section */

/* Begin PBXFileSystemSynchronizedRootGroup section */
		DAC85AA82FD22E0C0096CC6F /* SkyKidWidget */ = {
			isa = PBXFileSystemSynchronizedRootGroup;
			exceptions = (
				DAC85ABC2FD22E0D0096CC6F /* Exceptions for "SkyKidWidget" folder in "SkyKidWidgetExtension" target */,
			);
			explicitFileTypes = {
			};
			explicitFolders = (
			);
			path = SkyKidWidget;
			sourceTree = "<group>";
		};
/* End PBXFileSystemSynchronizedRootGroup section */

/* Begin PBXFrameworksBuildPhase section */
		4D61044F9EF28FF05CE55E8D /* Frameworks */ = {
			isa = PBXFrameworksBuildPhase;
			buildActionMask = 2147483647;
			files = (
				AA91445FBD0D9886F63DC858 /* Foundation.framework in Frameworks */,
			);
			runOnlyForDeploymentPostprocessing = 0;
		};
		DAC85A9F2FD22E0C0096CC6F /* Frameworks */ = {
			isa = PBXFrameworksBuildPhase;
			buildActionMask = 2147483647;
			files = (
				DAC85AA72FD22E0C0096CC6F /* SwiftUI.framework in Frameworks */,
				DAC85AA52FD22E0C0096CC6F /* WidgetKit.framework in Frameworks */,
			);
			runOnlyForDeploymentPostprocessing = 0;
		};
		FRAMEWORKS /* Frameworks */ = {
			isa = PBXFrameworksBuildPhase;
			buildActionMask = 2147483647;
			files = (
			);
			runOnlyForDeploymentPostprocessing = 0;
		};
/* End PBXFrameworksBuildPhase section */

/* Begin PBXGroup section */
		32AE25F665A2C0E2DB773A47 /* iOS */ = {
			isa = PBXGroup;
			children = (
				ECE8061C83759412BE23B087 /* Foundation.framework */,
			);
			name = iOS;
			sourceTree = "<group>";
		};
		APPGROUP /* App */ = {
			isa = PBXGroup;
			children = (
				F001 /* SkyKidApp.swift */,
				F002 /* ContentView.swift */,
				F0TH /* Theme.swift */,
				F029 /* SkyKidIntents.swift */,
			);
			path = App;
			sourceTree = "<group>";
		};
		COREGROUP /* Core */ = {
			isa = PBXGroup;
			children = (
				NETGROUP /* Network */,
				LOCGROUP /* Location */,
				NOTIFGROUP /* Notifications */,
				MODGROUP /* Models */,
				STORGROUP /* Storage */,
			);
			path = Core;
			sourceTree = "<group>";
		};
		D33386E2718AAD7AE26BADB0 /* SkyKidTests */ = {
			isa = PBXGroup;
			children = (
				0C3745237D8D078599AC5A7B /* OutfitCalculatorTests.swift */,
			);
			name = SkyKidTests;
			path = SkyKidTests;
			sourceTree = "<group>";
		};
		DAC85AA32FD22E0C0096CC6F /* Frameworks */ = {
			isa = PBXGroup;
			children = (
				DAC85AA42FD22E0C0096CC6F /* WidgetKit.framework */,
				DAC85AA62FD22E0C0096CC6F /* SwiftUI.framework */,
				F027 /* WeatherKit.framework */,
				32AE25F665A2C0E2DB773A47 /* iOS */,
			);
			name = Frameworks;
			sourceTree = "<group>";
		};
		DAC85ACE2FD22E4D0096CC6F /* SkyKidWidget */ = {
			isa = PBXGroup;
			children = (
				DAC85AC42FD22E4D0096CC6F /* AppIntent.swift */,
				DAC85AC52FD22E4D0096CC6F /* Assets.xcassets */,
				DAC85AC62FD22E4D0096CC6F /* ClothingStatusProvider.swift */,
				DAC85AC72FD22E4D0096CC6F /* ClothingStatusWidgetView.swift */,
				DAC85AC82FD22E4D0096CC6F /* Info.plist */,
				DAC85AC92FD22E4D0096CC6F /* SkyKidWidget.swift */,
				DAC85ACA2FD22E4D0096CC6F /* SkyKidWidgetBundle.swift */,
				DAC85ACB2FD22E4D0096CC6F /* SkyKidWidgetControl.swift */,
				DAC85ACC2FD22E4D0096CC6F /* SkyKidWidgetLiveActivity.swift */,
				DAC85ACD2FD22E4D0096CC6F /* WidgetClothingCalculator.swift */,
			);
			path = SkyKidWidget;
			sourceTree = "<group>";
		};
		FEATGROUP /* Features */ = {
			isa = PBXGroup;
			children = (
				WEATHERGROUP /* Weather */,
				OUTFITGROUP /* Outfit */,
				HISTGROUP /* History */,
				PROFILEGROUP /* Profile */,
			);
			path = Features;
			sourceTree = "<group>";
		};
		NOTIFGROUP /* Notifications */ = {
			isa = PBXGroup;
			children = (
				F0NS /* NotificationService.swift */,
			);
			path = Notifications;
			sourceTree = "<group>";
		};
		LOCGROUP /* Location */ = {
			isa = PBXGroup;
			children = (
				F012 /* LocationManager.swift */,
			);
			path = Location;
			sourceTree = "<group>";
		};

		MODGROUP /* Models */ = {
			isa = PBXGroup;
			children = (
				F013 /* WeatherData.swift */,
				F014 /* ChildProfile.swift */,
				F018 /* ChildProfileStore.swift */,
				F0WD /* UserWardrobeStore.swift */,
				F023 /* BiasStore.swift */,
				F2150346EACA826B74B94C3E /* PersonalOffsetStore.swift */,
				FWLG /* WalkLog.swift */,
			);
			path = Models;
			sourceTree = "<group>";
		};
		STORGROUP /* Storage */ = {
			isa = PBXGroup;
			children = (
				FWLS /* WalkLogStore.swift */,
			);
			path = Storage;
			sourceTree = "<group>";
		};
		HISTGROUP /* History */ = {
			isa = PBXGroup;
			children = (
				FWHV /* WalkHistoryView.swift */,
			);
			path = History;
			sourceTree = "<group>";
		};
		NETGROUP /* Network */ = {
			isa = PBXGroup;
			children = (
				F019 /* WeatherServiceProtocol.swift */,
				F010 /* OpenMeteoService.swift */,
				F024 /* OpenWeatherMapService.swift */,
				F025 /* WeatherServiceSettings.swift */,
				F026 /* WeatherAPIService.swift */,
				F028 /* WeatherKitService.swift */,
				F030 /* YandexWeatherService.swift */,
			);
			path = Network;
			sourceTree = "<group>";
		};
		OUTFITGROUP /* Outfit */ = {
			isa = PBXGroup;
			children = (
				F008 /* OutfitView.swift */,
				F020 /* GarmentCatalog.swift */,
				F021 /* WardrobeModel.swift */,
				F017 /* ClothingCalculatorView.swift */,
				F022 /* ClothingRecommendationEngine.swift */,
				9132D0C4B3D6285DB74AADDB /* OutfitConfig.swift */,
				394C0803F4348866DB8BF4DA /* GearModels.swift */,
				14FFF0927A8E0E7056FDCD92 /* OutfitOutputModels.swift */,
				547831DAA43B9BBCF7C08EBA /* EffectiveTemperatureCalculator.swift */,
				D08D2D238BD9B3BE6CCE1A80 /* MicroclimateCalculator.swift */,
				952FD97BC23BAC46B803A9B2 /* TOGCalculator.swift */,
				0A4AF5BBA29EAF6086B51119 /* OutfitSolver.swift */,
				4FBB05756B2851EB6CF8BD55 /* SafetyRulesEngine.swift */,
				98352411F7F430C375933E52 /* OutfitRecommendationService.swift */,
			);
			path = Outfit;
			sourceTree = "<group>";
		};
		PRODUCTS /* Products */ = {
			isa = PBXGroup;
			children = (
				PROD /* SkyKid.app */,
				DAC85AA22FD22E0C0096CC6F /* SkyKidWidgetExtension.appex */,
				FC48EEA4B450C53B8FEFB3B3 /* SkyKidTests.xctest */,
			);
			name = Products;
			sourceTree = "<group>";
		};
		PROFILEGROUP /* Profile */ = {
			isa = PBXGroup;
			children = (
				F015 /* ChildProfileSetupView.swift */,
				F0WV /* MyWardrobeView.swift */,
				F016 /* ChildWeatherPerception.swift */,
				F0PS /* ProfileSummaryView.swift */,
			);
			path = Profile;
			sourceTree = "<group>";
		};
		ROOT = {
			isa = PBXGroup;
			children = (
				DAC85AE52FD2302B0096CC6F /* SkyKidWidgetExtension.entitlements */,
				DAC85ACE2FD22E4D0096CC6F /* SkyKidWidget */,
				DAC85A9D2FD21E320096CC6F /* Assets.xcassets */,
				SKYGROUP /* SkyKid */,
				DAC85AA82FD22E0C0096CC6F /* SkyKidWidget */,
				DAC85AA32FD22E0C0096CC6F /* Frameworks */,
				PRODUCTS /* Products */,
				D33386E2718AAD7AE26BADB0 /* SkyKidTests */,
			);
			sourceTree = "<group>";
		};
		SKYGROUP /* SkyKid */ = {
			isa = PBXGroup;
			children = (
				DAC85AE42FD2300D0096CC6F /* SkyKid.entitlements */,
				APPGROUP /* App */,
				FEATGROUP /* Features */,
				COREGROUP /* Core */,
				PLIST /* Info.plist */,
			);
			path = SkyKid;
			sourceTree = "<group>";
		};
		WEATHERGROUP /* Weather */ = {
			isa = PBXGroup;
			children = (
				F003 /* WeatherView.swift */,
				F004 /* WeatherViewModel.swift */,
			);
			path = Weather;
			sourceTree = "<group>";
		};
/* End PBXGroup section */

/* Begin PBXNativeTarget section */
		97A41C8947D962AC4E8508DB /* SkyKidTests */ = {
			isa = PBXNativeTarget;
			buildConfigurationList = E67F9D35134B9A7A22DA4553 /* Build configuration list for PBXNativeTarget "SkyKidTests" */;
			buildPhases = (
				E3FDBF154316681C318E82D9 /* Sources */,
				4D61044F9EF28FF05CE55E8D /* Frameworks */,
				D454E9F06A0FD3176CD2C0AE /* Resources */,
			);
			buildRules = (
			);
			dependencies = (
				673F7917A3054FDEB26DC3CC /* PBXTargetDependency */,
			);
			name = SkyKidTests;
			productName = SkyKidTests;
			productReference = FC48EEA4B450C53B8FEFB3B3 /* SkyKidTests.xctest */;
			productType = "com.apple.product-type.bundle.unit-test";
		};
		DAC85AA12FD22E0C0096CC6F /* SkyKidWidgetExtension */ = {
			isa = PBXNativeTarget;
			buildConfigurationList = DAC85ABD2FD22E0D0096CC6F /* Build configuration list for PBXNativeTarget "SkyKidWidgetExtension" */;
			buildPhases = (
				DAC85A9E2FD22E0C0096CC6F /* Sources */,
				DAC85A9F2FD22E0C0096CC6F /* Frameworks */,
				DAC85AA02FD22E0C0096CC6F /* Resources */,
			);
			buildRules = (
			);
			dependencies = (
			);
			fileSystemSynchronizedGroups = (
				DAC85AA82FD22E0C0096CC6F /* SkyKidWidget */,
			);
			name = SkyKidWidgetExtension;
			productName = SkyKidWidgetExtension;
			productReference = DAC85AA22FD22E0C0096CC6F /* SkyKidWidgetExtension.appex */;
			productType = "com.apple.product-type.app-extension";
		};
		TARGET /* SkyKid */ = {
			isa = PBXNativeTarget;
			buildConfigurationList = CFGLIST /* Build configuration list for PBXNativeTarget "SkyKid" */;
			buildPhases = (
				RESOURCES /* Resources */,
				SOURCES /* Sources */,
				FRAMEWORKS /* Frameworks */,
				DAC85AE92FD232420096CC6F /* Embed Foundation Extensions */,
			);
			buildRules = (
			);
			dependencies = (
				DAC85AE82FD232420096CC6F /* PBXTargetDependency */,
				DAC85AEB2FD2325B0096CC6F /* PBXTargetDependency */,
				DAC85AED2FD232940096CC6F /* PBXTargetDependency */,
			);
			name = SkyKid;
			productName = SkyKid;
			productReference = PROD /* SkyKid.app */;
			productType = "com.apple.product-type.application";
		};
/* End PBXNativeTarget section */

/* Begin PBXProject section */
		PROJECT /* Project object */ = {
			isa = PBXProject;
			attributes = {
				BuildIndependentTargetsInParallel = 1;
				LastSwiftUpdateCheck = 2650;
				LastUpgradeCheck = 1600;
				TargetAttributes = {
					DAC85AA12FD22E0C0096CC6F = {
						CreatedOnToolsVersion = 26.5;
					};
					TARGET = {
						CreatedOnToolsVersion = 16.0;
					};
				};
			};
			buildConfigurationList = PROJCFGLIST /* Build configuration list for PBXProject "SkyKid" */;
			compatibilityVersion = "Xcode 14.0";
			developmentRegion = ru;
			hasScannedForEncodings = 0;
			knownRegions = (
				ru,
				en,
				Base,
			);
			mainGroup = ROOT;
			productRefGroup = PRODUCTS /* Products */;
			projectDirPath = "";
			projectRoot = "";
			targets = (
				TARGET /* SkyKid */,
				DAC85AA12FD22E0C0096CC6F /* SkyKidWidgetExtension */,
				97A41C8947D962AC4E8508DB /* SkyKidTests */,
			);
		};
/* End PBXProject section */

/* Begin PBXResourcesBuildPhase section */
		D454E9F06A0FD3176CD2C0AE /* Resources */ = {
			isa = PBXResourcesBuildPhase;
			buildActionMask = 2147483647;
			files = (
			);
			runOnlyForDeploymentPostprocessing = 0;
		};
		DAC85AA02FD22E0C0096CC6F /* Resources */ = {
			isa = PBXResourcesBuildPhase;
			buildActionMask = 2147483647;
			files = (
			);
			runOnlyForDeploymentPostprocessing = 0;
		};
		RESOURCES /* Resources */ = {
			isa = PBXResourcesBuildPhase;
			buildActionMask = 2147483647;
			files = (
				DAC85AE12FD22E4D0096CC6F /* Assets.xcassets in Resources */,
				R001 /* Assets.xcassets in Resources */,
			);
			runOnlyForDeploymentPostprocessing = 0;
		};
/* End PBXResourcesBuildPhase section */

/* Begin PBXSourcesBuildPhase section */
		DAC85A9E2FD22E0C0096CC6F /* Sources */ = {
			isa = PBXSourcesBuildPhase;
			buildActionMask = 2147483647;
			files = (
				DAC85AE32FD22F8D0096CC6F /* ChildProfile.swift in Sources */,
				A029 /* OpenMeteoService.swift in Sources */,
				A030 /* WeatherData.swift in Sources */,
				A031 /* WeatherServiceProtocol.swift in Sources */,
			);
			runOnlyForDeploymentPostprocessing = 0;
		};
		E3FDBF154316681C318E82D9 /* Sources */ = {
			isa = PBXSourcesBuildPhase;
			buildActionMask = 2147483647;
			files = (
				17D10F40EF89310B36736B4C /* OutfitCalculatorTests.swift in Sources */,
			);
			runOnlyForDeploymentPostprocessing = 0;
		};
		SOURCES /* Sources */ = {
			isa = PBXSourcesBuildPhase;
			buildActionMask = 2147483647;
			files = (
				A001 /* SkyKidApp.swift in Sources */,
				A002 /* ContentView.swift in Sources */,
				A0TH /* Theme.swift in Sources */,
				A003 /* WeatherView.swift in Sources */,
				A004 /* WeatherViewModel.swift in Sources */,
				A008 /* OutfitView.swift in Sources */,
				A010 /* OpenMeteoService.swift in Sources */,
				A012 /* LocationManager.swift in Sources */,
				A013 /* WeatherData.swift in Sources */,
				A014 /* ChildProfile.swift in Sources */,
				A015 /* ChildProfileSetupView.swift in Sources */,
				A0WV /* MyWardrobeView.swift in Sources */,
				A016 /* ChildWeatherPerception.swift in Sources */,
				A0PS /* ProfileSummaryView.swift in Sources */,
				A017 /* ClothingCalculatorView.swift in Sources */,
				A018 /* ChildProfileStore.swift in Sources */,
				A0NS /* NotificationService.swift in Sources */,
				A0WD /* UserWardrobeStore.swift in Sources */,
				A019 /* WeatherServiceProtocol.swift in Sources */,
				A020 /* GarmentCatalog.swift in Sources */,
				A021 /* WardrobeModel.swift in Sources */,
				A022 /* ClothingRecommendationEngine.swift in Sources */,
				A023 /* BiasStore.swift in Sources */,
				A024 /* OpenWeatherMapService.swift in Sources */,
				A025 /* WeatherServiceSettings.swift in Sources */,
				A026 /* WeatherAPIService.swift in Sources */,
				A028 /* WeatherKitService.swift in Sources */,
				A033 /* YandexWeatherService.swift in Sources */,
				A032 /* SkyKidIntents.swift in Sources */,
				48EE3988618308CA1F261E03 /* OutfitConfig.swift in Sources */,
				1E31DFD1C82635B2F6F3C38C /* GearModels.swift in Sources */,
				21D5913D896A929BDD29B1EC /* OutfitOutputModels.swift in Sources */,
				F94E09BE167EB286CDC877F0 /* EffectiveTemperatureCalculator.swift in Sources */,
				4A6EE286E4B4E015FB160AFB /* MicroclimateCalculator.swift in Sources */,
				2C05E8BDC0B573B969E9B7DE /* TOGCalculator.swift in Sources */,
				D350AE15738B6C3E14C484C1 /* OutfitSolver.swift in Sources */,
				DEC402649260087CE142BCC6 /* SafetyRulesEngine.swift in Sources */,
				24C4F50274A10C38308ED2B8 /* OutfitRecommendationService.swift in Sources */,
				8EA756B783DF34228081F501 /* PersonalOffsetStore.swift in Sources */,
				AWLG /* WalkLog.swift in Sources */,
				AWLS /* WalkLogStore.swift in Sources */,
				AWHV /* WalkHistoryView.swift in Sources */,
			);
			runOnlyForDeploymentPostprocessing = 0;
		};
/* End PBXSourcesBuildPhase section */

/* Begin PBXTargetDependency section */
		673F7917A3054FDEB26DC3CC /* PBXTargetDependency */ = {
			isa = PBXTargetDependency;
			name = SkyKid;
			target = TARGET /* SkyKid */;
			targetProxy = C72DB0A4240C23F4A0384F40 /* PBXContainerItemProxy */;
		};
		DAC85AE82FD232420096CC6F /* PBXTargetDependency */ = {
			isa = PBXTargetDependency;
			target = DAC85AA12FD22E0C0096CC6F /* SkyKidWidgetExtension */;
			targetProxy = DAC85AE72FD232420096CC6F /* PBXContainerItemProxy */;
		};
		DAC85AEB2FD2325B0096CC6F /* PBXTargetDependency */ = {
			isa = PBXTargetDependency;
			target = DAC85AA12FD22E0C0096CC6F /* SkyKidWidgetExtension */;
			targetProxy = DAC85AEA2FD2325B0096CC6F /* PBXContainerItemProxy */;
		};
		DAC85AED2FD232940096CC6F /* PBXTargetDependency */ = {
			isa = PBXTargetDependency;
			target = DAC85AA12FD22E0C0096CC6F /* SkyKidWidgetExtension */;
			targetProxy = DAC85AEC2FD232940096CC6F /* PBXContainerItemProxy */;
		};
/* End PBXTargetDependency section */

/* Begin XCBuildConfiguration section */
		589A9FD4E5A12C5F16FE78B0 /* Debug */ = {
			isa = XCBuildConfiguration;
			buildSettings = {
				BUNDLE_LOADER = "$(TEST_HOST)";
				CLANG_ENABLE_OBJC_WEAK = NO;
				CODE_SIGNING_ALLOWED = NO;
				CODE_SIGNING_REQUIRED = NO;
				CODE_SIGN_STYLE = Automatic;
				GENERATE_INFOPLIST_FILE = YES;
				INFOPLIST_KEY_CFBundleDisplayName = SkyKidTests;
				IPHONEOS_DEPLOYMENT_TARGET = 17.0;
				PRODUCT_BUNDLE_IDENTIFIER = com.skykid.app.tests;
				PRODUCT_NAME = SkyKidTests;
				SDKROOT = iphoneos;
				SWIFT_VERSION = 6.0;
				TEST_HOST = "$(BUILT_PRODUCTS_DIR)/SkyKid.app/$(BUNDLE_EXECUTABLE_FOLDER_PATH)/SkyKid";
			};
			name = Debug;
		};
		ACBF5CADA1230BEE3EC8DDC6 /* Release */ = {
			isa = XCBuildConfiguration;
			buildSettings = {
				BUNDLE_LOADER = "$(TEST_HOST)";
				CLANG_ENABLE_OBJC_WEAK = NO;
				CODE_SIGNING_ALLOWED = NO;
				CODE_SIGNING_REQUIRED = NO;
				CODE_SIGN_STYLE = Automatic;
				GENERATE_INFOPLIST_FILE = YES;
				INFOPLIST_KEY_CFBundleDisplayName = SkyKidTests;
				IPHONEOS_DEPLOYMENT_TARGET = 17.0;
				PRODUCT_BUNDLE_IDENTIFIER = com.skykid.app.tests;
				PRODUCT_NAME = SkyKidTests;
				SDKROOT = iphoneos;
				SWIFT_VERSION = 6.0;
				TEST_HOST = "$(BUILT_PRODUCTS_DIR)/SkyKid.app/$(BUNDLE_EXECUTABLE_FOLDER_PATH)/SkyKid";
				VALIDATE_PRODUCT = YES;
			};
			name = Release;
		};
		DAC85ABA2FD22E0D0096CC6F /* Debug */ = {
			isa = XCBuildConfiguration;
			buildSettings = {
				ASSETCATALOG_COMPILER_GENERATE_SWIFT_ASSET_SYMBOL_EXTENSIONS = YES;
				ASSETCATALOG_COMPILER_GLOBAL_ACCENT_COLOR_NAME = AccentColor;
				ASSETCATALOG_COMPILER_WIDGET_BACKGROUND_COLOR_NAME = WidgetBackground;
				CLANG_ANALYZER_NONNULL = YES;
				CLANG_ANALYZER_NUMBER_OBJECT_CONVERSION = YES_AGGRESSIVE;
				CLANG_CXX_LANGUAGE_STANDARD = "gnu++20";
				CLANG_ENABLE_OBJC_WEAK = YES;
				CLANG_WARN_BLOCK_CAPTURE_AUTORELEASING = YES;
				CLANG_WARN_BOOL_CONVERSION = YES;
				CLANG_WARN_COMMA = YES;
				CLANG_WARN_CONSTANT_CONVERSION = YES;
				CLANG_WARN_DEPRECATED_OBJC_IMPLEMENTATIONS = YES;
				CLANG_WARN_DIRECT_OBJC_ISA_USAGE = YES_ERROR;
				CLANG_WARN_DOCUMENTATION_COMMENTS = YES;
				CLANG_WARN_EMPTY_BODY = YES;
				CLANG_WARN_ENUM_CONVERSION = YES;
				CLANG_WARN_INFINITE_RECURSION = YES;
				CLANG_WARN_INT_CONVERSION = YES;
				CLANG_WARN_NON_LITERAL_NULL_CONVERSION = YES;
				CLANG_WARN_OBJC_IMPLICIT_RETAIN_SELF = YES;
				CLANG_WARN_OBJC_LITERAL_CONVERSION = YES;
				CLANG_WARN_OBJC_ROOT_CLASS = YES_ERROR;
				CLANG_WARN_QUOTED_INCLUDE_IN_FRAMEWORK_HEADER = YES;
				CLANG_WARN_RANGE_LOOP_ANALYSIS = YES;
				CLANG_WARN_STRICT_PROTOTYPES = YES;
				CLANG_WARN_SUSPICIOUS_MOVE = YES;
				CLANG_WARN_UNGUARDED_AVAILABILITY = YES_AGGRESSIVE;
				CLANG_WARN_UNREACHABLE_CODE = YES;
				CLANG_WARN__DUPLICATE_METHOD_MATCH = YES;
				CODE_SIGN_ENTITLEMENTS = SkyKidWidgetExtension.entitlements;
				CODE_SIGN_STYLE = Automatic;
				COPY_PHASE_STRIP = NO;
				CURRENT_PROJECT_VERSION = 1;
				DEBUG_INFORMATION_FORMAT = dwarf;
				DEVELOPMENT_TEAM = L436K29P42;
				ENABLE_STRICT_OBJC_MSGSEND = YES;
				ENABLE_TESTABILITY = YES;
				ENABLE_USER_SCRIPT_SANDBOXING = YES;
				GCC_C_LANGUAGE_STANDARD = gnu17;
				GCC_DYNAMIC_NO_PIC = NO;
				GCC_NO_COMMON_BLOCKS = YES;
				GCC_OPTIMIZATION_LEVEL = 0;
				GCC_PREPROCESSOR_DEFINITIONS = (
					"DEBUG=1",
					"$(inherited)",
				);
				GCC_WARN_64_TO_32_BIT_CONVERSION = YES;
				GCC_WARN_ABOUT_RETURN_TYPE = YES_ERROR;
				GCC_WARN_UNDECLARED_SELECTOR = YES;
				GCC_WARN_UNINITIALIZED_AUTOS = YES_AGGRESSIVE;
				GCC_WARN_UNUSED_FUNCTION = YES;
				GCC_WARN_UNUSED_VARIABLE = YES;
				GENERATE_INFOPLIST_FILE = NO;
				INFOPLIST_FILE = /Users/northarion/projects/SkyKid/SkyKidWidget/Info.plist;
				INFOPLIST_KEY_CFBundleDisplayName = SkyKidWidget;
				INFOPLIST_KEY_NSHumanReadableCopyright = "";
				IPHONEOS_DEPLOYMENT_TARGET = 26.5;
				LD_RUNPATH_SEARCH_PATHS = (
					"$(inherited)",
					"@executable_path/Frameworks",
					"@executable_path/../../Frameworks",
				);
				LOCALIZATION_PREFERS_STRING_CATALOGS = YES;
				MARKETING_VERSION = 1.0;
				MTL_ENABLE_DEBUG_INFO = INCLUDE_SOURCE;
				MTL_FAST_MATH = YES;
				ONLY_ACTIVE_ARCH = YES;
				PRODUCT_BUNDLE_IDENTIFIER = com.skykid.app.SkyKidWidget;
				PRODUCT_NAME = "$(TARGET_NAME)";
				SKIP_INSTALL = YES;
				STRING_CATALOG_GENERATE_SYMBOLS = YES;
				SWIFT_ACTIVE_COMPILATION_CONDITIONS = "DEBUG $(inherited)";
				SWIFT_APPROACHABLE_CONCURRENCY = YES;
				SWIFT_EMIT_LOC_STRINGS = YES;
				SWIFT_OPTIMIZATION_LEVEL = "-Onone";
				SWIFT_UPCOMING_FEATURE_MEMBER_IMPORT_VISIBILITY = YES;
				SWIFT_VERSION = 5.0;
				TARGETED_DEVICE_FAMILY = "1,2";
			};
			name = Debug;
		};
		DAC85ABB2FD22E0D0096CC6F /* Release */ = {
			isa = XCBuildConfiguration;
			buildSettings = {
				ASSETCATALOG_COMPILER_GENERATE_SWIFT_ASSET_SYMBOL_EXTENSIONS = YES;
				ASSETCATALOG_COMPILER_GLOBAL_ACCENT_COLOR_NAME = AccentColor;
				ASSETCATALOG_COMPILER_WIDGET_BACKGROUND_COLOR_NAME = WidgetBackground;
				CLANG_ANALYZER_NONNULL = YES;
				CLANG_ANALYZER_NUMBER_OBJECT_CONVERSION = YES_AGGRESSIVE;
				CLANG_CXX_LANGUAGE_STANDARD = "gnu++20";
				CLANG_ENABLE_OBJC_WEAK = YES;
				CLANG_WARN_BLOCK_CAPTURE_AUTORELEASING = YES;
				CLANG_WARN_BOOL_CONVERSION = YES;
				CLANG_WARN_COMMA = YES;
				CLANG_WARN_CONSTANT_CONVERSION = YES;
				CLANG_WARN_DEPRECATED_OBJC_IMPLEMENTATIONS = YES;
				CLANG_WARN_DIRECT_OBJC_ISA_USAGE = YES_ERROR;
				CLANG_WARN_DOCUMENTATION_COMMENTS = YES;
				CLANG_WARN_EMPTY_BODY = YES;
				CLANG_WARN_ENUM_CONVERSION = YES;
				CLANG_WARN_INFINITE_RECURSION = YES;
				CLANG_WARN_INT_CONVERSION = YES;
				CLANG_WARN_NON_LITERAL_NULL_CONVERSION = YES;
				CLANG_WARN_OBJC_IMPLICIT_RETAIN_SELF = YES;
				CLANG_WARN_OBJC_LITERAL_CONVERSION = YES;
				CLANG_WARN_OBJC_ROOT_CLASS = YES_ERROR;
				CLANG_WARN_QUOTED_INCLUDE_IN_FRAMEWORK_HEADER = YES;
				CLANG_WARN_RANGE_LOOP_ANALYSIS = YES;
				CLANG_WARN_STRICT_PROTOTYPES = YES;
				CLANG_WARN_SUSPICIOUS_MOVE = YES;
				CLANG_WARN_UNGUARDED_AVAILABILITY = YES_AGGRESSIVE;
				CLANG_WARN_UNREACHABLE_CODE = YES;
				CLANG_WARN__DUPLICATE_METHOD_MATCH = YES;
				CODE_SIGN_ENTITLEMENTS = SkyKidWidgetExtension.entitlements;
				CODE_SIGN_STYLE = Automatic;
				COPY_PHASE_STRIP = NO;
				CURRENT_PROJECT_VERSION = 1;
				DEBUG_INFORMATION_FORMAT = "dwarf-with-dsym";
				DEVELOPMENT_TEAM = L436K29P42;
				ENABLE_NS_ASSERTIONS = NO;
				ENABLE_STRICT_OBJC_MSGSEND = YES;
				ENABLE_USER_SCRIPT_SANDBOXING = YES;
				GCC_C_LANGUAGE_STANDARD = gnu17;
				GCC_NO_COMMON_BLOCKS = YES;
				GCC_WARN_64_TO_32_BIT_CONVERSION = YES;
				GCC_WARN_ABOUT_RETURN_TYPE = YES_ERROR;
				GCC_WARN_UNDECLARED_SELECTOR = YES;
				GCC_WARN_UNINITIALIZED_AUTOS = YES_AGGRESSIVE;
				GCC_WARN_UNUSED_FUNCTION = YES;
				GCC_WARN_UNUSED_VARIABLE = YES;
				GENERATE_INFOPLIST_FILE = NO;
				INFOPLIST_FILE = /Users/northarion/projects/SkyKid/SkyKidWidget/Info.plist;
				INFOPLIST_KEY_CFBundleDisplayName = SkyKidWidget;
				INFOPLIST_KEY_NSHumanReadableCopyright = "";
				IPHONEOS_DEPLOYMENT_TARGET = 26.5;
				LD_RUNPATH_SEARCH_PATHS = (
					"$(inherited)",
					"@executable_path/Frameworks",
					"@executable_path/../../Frameworks",
				);
				LOCALIZATION_PREFERS_STRING_CATALOGS = YES;
				MARKETING_VERSION = 1.0;
				MTL_ENABLE_DEBUG_INFO = NO;
				MTL_FAST_MATH = YES;
				PRODUCT_BUNDLE_IDENTIFIER = com.skykid.app.SkyKidWidget;
				PRODUCT_NAME = "$(TARGET_NAME)";
				SKIP_INSTALL = YES;
				STRING_CATALOG_GENERATE_SYMBOLS = YES;
				SWIFT_APPROACHABLE_CONCURRENCY = YES;
				SWIFT_COMPILATION_MODE = wholemodule;
				SWIFT_EMIT_LOC_STRINGS = YES;
				SWIFT_UPCOMING_FEATURE_MEMBER_IMPORT_VISIBILITY = YES;
				SWIFT_VERSION = 5.0;
				TARGETED_DEVICE_FAMILY = "1,2";
				VALIDATE_PRODUCT = YES;
			};
			name = Release;
		};
		DBGCFG /* Debug */ = {
			isa = XCBuildConfiguration;
			buildSettings = {
				ALWAYS_SEARCH_USER_PATHS = NO;
				ASSETCATALOG_COMPILER_APPICON_NAME = AppIcon;
				CODE_SIGN_ENTITLEMENTS = SkyKid/SkyKid.entitlements;
				CODE_SIGN_STYLE = Automatic;
				CURRENT_PROJECT_VERSION = 1;
				DEVELOPMENT_TEAM = L436K29P42;
				ENABLE_PREVIEWS = YES;
				ENABLE_TESTABILITY = YES;
				GENERATE_INFOPLIST_FILE = NO;
				INFOPLIST_FILE = /Users/northarion/projects/SkyKid/SkyKid/Info.plist;
				IPHONEOS_DEPLOYMENT_TARGET = 17.0;
				MARKETING_VERSION = 1.0;
				PRODUCT_BUNDLE_IDENTIFIER = com.skykid.app;
				PRODUCT_NAME = SkyKid;
				SWIFT_EMIT_LOC_STRINGS = YES;
				SWIFT_VERSION = 6.0;
				TARGETED_DEVICE_FAMILY = 1;
			};
			name = Debug;
		};
		PROJDBG /* Debug */ = {
			isa = XCBuildConfiguration;
			buildSettings = {
				ALWAYS_SEARCH_USER_PATHS = NO;
				CLANG_ENABLE_MODULES = YES;
				CLANG_ENABLE_OBJC_ARC = YES;
				IPHONEOS_DEPLOYMENT_TARGET = 17.0;
				SDKROOT = iphoneos;
				SUPPORTED_PLATFORMS = "iphoneos iphonesimulator";
				SWIFT_VERSION = 6.0;
			};
			name = Debug;
		};
		PROJREL /* Release */ = {
			isa = XCBuildConfiguration;
			buildSettings = {
				ALWAYS_SEARCH_USER_PATHS = NO;
				CLANG_ENABLE_MODULES = YES;
				CLANG_ENABLE_OBJC_ARC = YES;
				IPHONEOS_DEPLOYMENT_TARGET = 17.0;
				SDKROOT = iphoneos;
				SUPPORTED_PLATFORMS = "iphoneos iphonesimulator";
				SWIFT_VERSION = 6.0;
			};
			name = Release;
		};
		RELCFG /* Release */ = {
			isa = XCBuildConfiguration;
			buildSettings = {
				ALWAYS_SEARCH_USER_PATHS = NO;
				ASSETCATALOG_COMPILER_APPICON_NAME = AppIcon;
				CODE_SIGN_ENTITLEMENTS = SkyKid/SkyKid.entitlements;
				CODE_SIGN_STYLE = Automatic;
				CURRENT_PROJECT_VERSION = 1;
				DEVELOPMENT_TEAM = L436K29P42;
				ENABLE_PREVIEWS = YES;
				GENERATE_INFOPLIST_FILE = NO;
				INFOPLIST_FILE = /Users/northarion/projects/SkyKid/SkyKid/Info.plist;
				IPHONEOS_DEPLOYMENT_TARGET = 17.0;
				MARKETING_VERSION = 1.0;
				PRODUCT_BUNDLE_IDENTIFIER = com.skykid.app;
				PRODUCT_NAME = SkyKid;
				SWIFT_EMIT_LOC_STRINGS = YES;
				SWIFT_VERSION = 6.0;
				TARGETED_DEVICE_FAMILY = 1;
			};
			name = Release;
		};
/* End XCBuildConfiguration section */

/* Begin XCConfigurationList section */
		CFGLIST /* Build configuration list for PBXNativeTarget "SkyKid" */ = {
			isa = XCConfigurationList;
			buildConfigurations = (
				DBGCFG /* Debug */,
				RELCFG /* Release */,
			);
			defaultConfigurationIsVisible = 0;
			defaultConfigurationName = Release;
		};
		DAC85ABD2FD22E0D0096CC6F /* Build configuration list for PBXNativeTarget "SkyKidWidgetExtension" */ = {
			isa = XCConfigurationList;
			buildConfigurations = (
				DAC85ABA2FD22E0D0096CC6F /* Debug */,
				DAC85ABB2FD22E0D0096CC6F /* Release */,
			);
			defaultConfigurationIsVisible = 0;
			defaultConfigurationName = Release;
		};
		E67F9D35134B9A7A22DA4553 /* Build configuration list for PBXNativeTarget "SkyKidTests" */ = {
			isa = XCConfigurationList;
			buildConfigurations = (
				ACBF5CADA1230BEE3EC8DDC6 /* Release */,
				589A9FD4E5A12C5F16FE78B0 /* Debug */,
			);
			defaultConfigurationIsVisible = 0;
			defaultConfigurationName = Release;
		};
		PROJCFGLIST /* Build configuration list for PBXProject "SkyKid" */ = {
			isa = XCConfigurationList;
			buildConfigurations = (
				PROJDBG /* Debug */,
				PROJREL /* Release */,
			);
			defaultConfigurationIsVisible = 0;
			defaultConfigurationName = Release;
		};
/* End XCConfigurationList section */
	};
	rootObject = PROJECT /* Project object */;
}
